{
  "name": "jaris-kitchen-sink",
  "version": "0.0.7",
  "lockfileVersion": 1,
  "requires": true,
  "dependencies": {
    "@jaris/core": {
      "version": "0.0.7",
      "resolved": "https://registry.npmjs.org/@jaris/core/-/core-0.0.7.tgz",
      "integrity": "sha512-y56yFdnHOISpHzZ5hG+K9WM0xy/8XHbflMHux7LtdJMQRH+ZhgKViAsxPeQB8mUKMjT0L+9BGRGkNxkXpRMDLw==",
      "requires": {
        "@jaris/util": "^0.0.7"
      }
    },
    "@jaris/router": {
      "version": "0.0.7",
      "resolved": "https://registry.npmjs.org/@jaris/router/-/router-0.0.7.tgz",
      "integrity": "sha512-yiywRk2x1qbTDuKYADy52h+uojb4kd0SDn+CYviYUznJl8KqutlwAZ/geqex9AD27qjexmd1mhyHMKlmxeLobg==",
      "requires": {
        "@jaris/core": "^0.0.7",
        "@jaris/util": "^0.0.7"
      }
    },
    "@jaris/util": {
      "version": "0.0.7",
      "resolved": "https://registry.npmjs.org/@jaris/util/-/util-0.0.7.tgz",
      "integrity": "sha512-kGUjnl7s2IpB1MXaTFaTnyTeJFzIQ5D7JeShzhElMUTFBcemsPesy2zQTk1ovJh999C7RBocoEfPOox1U2Y5IA=="
    },
    "@jaris/validator": {
      "version": "0.0.7",
      "resolved": "https://registry.npmjs.org/@jaris/validator/-/validator-0.0.7.tgz",
      "integrity": "sha512-5koLgHd3BBgVfZ/4/NuBsiMxB4OLLKKcMjQVw0LwJwB2djHzKjpSb/V0XsKbaRv3BijA1rSBlVvfMFaur6BKHQ=="
    }
  }
}
