{
  "name": "jaris-kitchen-sink",
  "version": "1.0.0",
  "lockfileVersion": 1,
  "requires": true,
  "dependencies": {
    "@jaris/core": {
      "version": "0.0.1"
    },
    "@jaris/router": {
      "version": "0.0.1",
      "requires": {
        "@jaris/core": "^0.0.1"
      },
      "dependencies": {
        "@jaris/core": {
          "version": "0.0.1",
          "bundled": true
        }
      }
    }
  }
}
