{
  "name": "@jaris/router",
  "version": "0.0.7",
  "lockfileVersion": 1,
  "requires": true,
  "dependencies": {
    "@jaris/core": {
      "version": "0.0.7",
      "requires": {
        "@jaris/util": "^0.0.7"
      },
      "dependencies": {
        "@jaris/util": {
          "version": "0.0.7",
          "bundled": true
        }
      }
    },
    "@jaris/util": {
      "version": "0.0.7"
    }
  }
}
