{
  "name": "@jaris/core",
  "version": "0.0.7",
  "lockfileVersion": 1,
  "requires": true,
  "dependencies": {
    "@jaris/util": {
      "version": "0.0.7",
      "resolved": "https://registry.npmjs.org/@jaris/util/-/util-0.0.7.tgz",
      "integrity": "sha512-kGUjnl7s2IpB1MXaTFaTnyTeJFzIQ5D7JeShzhElMUTFBcemsPesy2zQTk1ovJh999C7RBocoEfPOox1U2Y5IA=="
    }
  }
}
